
Microsoft Visual Studio Solution File, Format Version 11.00
# Visual Studio 2010
# SharpDevelop 5.2
Project("{FAE04EC0-301F-11D3-BF4B-00C04F79EFBC}") = "DataDumper", "DataDumper\DataDumper.csproj", "{9AB06495-A673-441B-9F46-9EF5E9840F8F}"
EndProject
Global
	GlobalSection(SolutionConfigurationPlatforms) = preSolution
		Debug|Any CPU = Debug|Any CPU
		Release|Any CPU = Release|Any CPU
	EndGlobalSection
	GlobalSection(ProjectConfigurationPlatforms) = postSolution
		{9AB06495-A673-441B-9F46-9EF5E9840F8F}.Debug|Any CPU.ActiveCfg = Debug|Any CPU
		{9AB06495-A673-441B-9F46-9EF5E9840F8F}.Debug|Any CPU.Build.0 = Debug|Any CPU
		{9AB06495-A673-441B-9F46-9EF5E9840F8F}.Release|Any CPU.ActiveCfg = Release|Any CPU
		{9AB06495-A673-441B-9F46-9EF5E9840F8F}.Release|Any CPU.Build.0 = Release|Any CPU
	EndGlobalSection
EndGlobal
